
Microsoft Visual Studio Solution File, Format Version 12.00
# Visual Studio Version 17
VisualStudioVersion = 17.4.33122.133
MinimumVisualStudioVersion = 10.0.40219.1
Project("{FAE04EC0-301F-11D3-BF4B-00C04F79EFBC}") = "WebApp", "WebApp\WebApp.csproj", "{CA6B676E-59AE-47F9-987E-F703DE1A4A89}"
EndProject
Global
	GlobalSection(SolutionConfigurationPlatforms) = preSolution
		Debug|Any CPU = Debug|Any CPU
		Release|Any CPU = Release|Any CPU
	EndGlobalSection
	GlobalSection(ProjectConfigurationPlatforms) = postSolution
		{CA6B676E-59AE-47F9-987E-F703DE1A4A89}.Debug|Any CPU.ActiveCfg = Debug|Any CPU
		{CA6B676E-59AE-47F9-987E-F703DE1A4A89}.Debug|Any CPU.Build.0 = Debug|Any CPU
		{CA6B676E-59AE-47F9-987E-F703DE1A4A89}.Release|Any CPU.ActiveCfg = Release|Any CPU
		{CA6B676E-59AE-47F9-987E-F703DE1A4A89}.Release|Any CPU.Build.0 = Release|Any CPU
	EndGlobalSection
	GlobalSection(SolutionProperties) = preSolution
		HideSolutionNode = FALSE
	EndGlobalSection
	GlobalSection(ExtensibilityGlobals) = postSolution
		SolutionGuid = {A4E2347F-1655-42FE-AD04-8725BB8F0E22}
	EndGlobalSection
EndGlobal
